
Microsoft Visual Studio Solution File, Format Version 12.00
# Visual Studio Version 16
VisualStudioVersion = 16.0.30011.22
MinimumVisualStudioVersion = 10.0.40219.1
Project("{FAE04EC0-301F-11D3-BF4B-00C04F79EFBC}") = "CodinGameChallenges", "CodinGameChallenges\CodinGameChallenges.csproj", "{DAB6C05E-99CB-4AF1-B9DF-BDBB3E33AEB8}"
EndProject
Project("{FAE04EC0-301F-11D3-BF4B-00C04F79EFBC}") = "PodRacer", "PodRacer\PodRacer.csproj", "{97823540-9C7B-4631-B762-D9BBF798C5B5}"
EndProject
Project("{FAE04EC0-301F-11D3-BF4B-00C04F79EFBC}") = "Pacman", "Pacman\Pacman.csproj", "{58D47E08-DE73-441C-9D8F-07D46F21E1EB}"
EndProject
Global
	GlobalSection(SolutionConfigurationPlatforms) = preSolution
		Debug|Any CPU = Debug|Any CPU
		Release|Any CPU = Release|Any CPU
	EndGlobalSection
	GlobalSection(ProjectConfigurationPlatforms) = postSolution
		{DAB6C05E-99CB-4AF1-B9DF-BDBB3E33AEB8}.Debug|Any CPU.ActiveCfg = Debug|Any CPU
		{DAB6C05E-99CB-4AF1-B9DF-BDBB3E33AEB8}.Debug|Any CPU.Build.0 = Debug|Any CPU
		{DAB6C05E-99CB-4AF1-B9DF-BDBB3E33AEB8}.Release|Any CPU.ActiveCfg = Release|Any CPU
		{DAB6C05E-99CB-4AF1-B9DF-BDBB3E33AEB8}.Release|Any CPU.Build.0 = Release|Any CPU
		{97823540-9C7B-4631-B762-D9BBF798C5B5}.Debug|Any CPU.ActiveCfg = Debug|Any CPU
		{97823540-9C7B-4631-B762-D9BBF798C5B5}.Debug|Any CPU.Build.0 = Debug|Any CPU
		{97823540-9C7B-4631-B762-D9BBF798C5B5}.Release|Any CPU.ActiveCfg = Release|Any CPU
		{97823540-9C7B-4631-B762-D9BBF798C5B5}.Release|Any CPU.Build.0 = Release|Any CPU
		{58D47E08-DE73-441C-9D8F-07D46F21E1EB}.Debug|Any CPU.ActiveCfg = Debug|Any CPU
		{58D47E08-DE73-441C-9D8F-07D46F21E1EB}.Debug|Any CPU.Build.0 = Debug|Any CPU
		{58D47E08-DE73-441C-9D8F-07D46F21E1EB}.Release|Any CPU.ActiveCfg = Release|Any CPU
		{58D47E08-DE73-441C-9D8F-07D46F21E1EB}.Release|Any CPU.Build.0 = Release|Any CPU
	EndGlobalSection
	GlobalSection(SolutionProperties) = preSolution
		HideSolutionNode = FALSE
	EndGlobalSection
	GlobalSection(ExtensibilityGlobals) = postSolution
		SolutionGuid = {56A30B11-B3B5-4BCA-B1F4-AE99A4AEDE4B}
	EndGlobalSection
EndGlobal
